// !$*UTF8*$!
{
	archiveVersion = 1;
	classes = {
	};
	objectVersion = 50;
	objects = {

/* Begin PBXBuildFile section */
		102026852173619D00E2CB17 /* AppDelegate.swift in Sources */ = {isa = PBXBuildFile; fileRef = 102026842173619D00E2CB17 /* AppDelegate.swift */; };
		102026872173619D00E2CB17 /* ViewController.swift in Sources */ = {isa = PBXBuildFile; fileRef = 102026862173619D00E2CB17 /* ViewController.swift */; };
		1020268A2173619D00E2CB17 /* Main.storyboard in Resources */ = {isa = PBXBuildFile; fileRef = 102026882173619D00E2CB17 /* Main.storyboard */; };
		1020268C2173619E00E2CB17 /* Assets.xcassets in Resources */ = {isa = PBXBuildFile; fileRef = 1020268B2173619E00E2CB17 /* Assets.xcassets */; };
		1020268F2173619E00E2CB17 /* LaunchScreen.storyboard in Resources */ = {isa = PBXBuildFile; fileRef = 1020268D2173619E00E2CB17 /* LaunchScreen.storyboard */; };
		1020269A2173619E00E2CB17 /* Product_ListingTests.swift in Sources */ = {isa = PBXBuildFile; fileRef = 102026992173619E00E2CB17 /* Product_ListingTests.swift */; };
/* End PBXBuildFile section */

/* Begin PBXContainerItemProxy section */
		102026962173619E00E2CB17 /* PBXContainerItemProxy */ = {
			isa = PBXContainerItemProxy;
			containerPortal = 102026792173619D00E2CB17 /* Project object */;
			proxyType = 1;
			remoteGlobalIDString = 102026802173619D00E2CB17;
			remoteInfo = "Product-Listing";
		};
/* End PBXContainerItemProxy section */

/* Begin PBXFileReference section */
		102026812173619D00E2CB17 /* Product-Listing.app */ = {isa = PBXFileReference; explicitFileType = wrapper.application; includeInIndex = 0; path = "Product-Listing.app"; sourceTree = BUILT_PRODUCTS_DIR; };
		102026842173619D00E2CB17 /* AppDelegate.swift */ = {isa = PBXFileReference; lastKnownFileType = sourcecode.swift; path = AppDelegate.swift; sourceTree = "<group>"; };
		102026862173619D00E2CB17 /* ViewController.swift */ = {isa = PBXFileReference; lastKnownFileType = sourcecode.swift; path = ViewController.swift; sourceTree = "<group>"; };
		102026892173619D00E2CB17 /* Base */ = {isa = PBXFileReference; lastKnownFileType = file.storyboard; name = Base; path = Base.lproj/Main.storyboard; sourceTree = "<group>"; };
		1020268B2173619E00E2CB17 /* Assets.xcassets */ = {isa = PBXFileReference; lastKnownFileType = folder.assetcatalog; path = Assets.xcassets; sourceTree = "<group>"; };
		1020268E2173619E00E2CB17 /* Base */ = {isa = PBXFileReference; lastKnownFileType = file.storyboard; name = Base; path = Base.lproj/LaunchScreen.storyboard; sourceTree = "<group>"; };
		102026902173619E00E2CB17 /* Info.plist */ = {isa = PBXFileReference; lastKnownFileType = text.plist.xml; path = Info.plist; sourceTree = "<group>"; };
		102026952173619E00E2CB17 /* Product-ListingTests.xctest */ = {isa = PBXFileReference; explicitFileType = wrapper.cfbundle; includeInIndex = 0; path = "Product-ListingTests.xctest"; sourceTree = BUILT_PRODUCTS_DIR; };
		102026992173619E00E2CB17 /* Product_ListingTests.swift */ = {isa = PBXFileReference; lastKnownFileType = sourcecode.swift; path = Product_ListingTests.swift; sourceTree = "<group>"; };
		1020269B2173619E00E2CB17 /* Info.plist */ = {isa = PBXFileReference; lastKnownFileType = text.plist.xml; path = Info.plist; sourceTree = "<group>"; };
/* End PBXFileReference section */

/* Begin PBXFrameworksBuildPhase section */
		1020267E2173619D00E2CB17 /* Frameworks */ = {
			isa = PBXFrameworksBuildPhase;
			buildActionMask = 2147483647;
			files = (
			);
			runOnlyForDeploymentPostprocessing = 0;
		};
		102026922173619E00E2CB17 /* Frameworks */ = {
			isa = PBXFrameworksBuildPhase;
			buildActionMask = 2147483647;
			files = (
			);
			runOnlyForDeploymentPostprocessing = 0;
		};
/* End PBXFrameworksBuildPhase section */

/* Begin PBXGroup section */
		102026782173619D00E2CB17 = {
			isa = PBXGroup;
			children = (
				102026832173619D00E2CB17 /* Product-Listing */,
				102026982173619E00E2CB17 /* Product-ListingTests */,
				102026822173619D00E2CB17 /* Products */,
			);
			sourceTree = "<group>";
		};
		102026822173619D00E2CB17 /* Products */ = {
			isa = PBXGroup;
			children = (
				102026812173619D00E2CB17 /* Product-Listing.app */,
				102026952173619E00E2CB17 /* Product-ListingTests.xctest */,
			);
			name = Products;
			sourceTree = "<group>";
		};
		102026832173619D00E2CB17 /* Product-Listing */ = {
			isa = PBXGroup;
			children = (
				102026842173619D00E2CB17 /* AppDelegate.swift */,
				102026A42173622200E2CB17 /* Models */,
				102026A62173623100E2CB17 /* Network */,
				102026A72173626400E2CB17 /* Resources */,
				102026A52173622D00E2CB17 /* Scenes */,
				102026A82173628500E2CB17 /* Storyboards */,
			);
			path = "Product-Listing";
			sourceTree = "<group>";
		};
		102026982173619E00E2CB17 /* Product-ListingTests */ = {
			isa = PBXGroup;
			children = (
				102026992173619E00E2CB17 /* Product_ListingTests.swift */,
				1020269B2173619E00E2CB17 /* Info.plist */,
			);
			path = "Product-ListingTests";
			sourceTree = "<group>";
		};
		102026A42173622200E2CB17 /* Models */ = {
			isa = PBXGroup;
			children = (
			);
			path = Models;
			sourceTree = "<group>";
		};
		102026A52173622D00E2CB17 /* Scenes */ = {
			isa = PBXGroup;
			children = (
				102026862173619D00E2CB17 /* ViewController.swift */,
			);
			path = Scenes;
			sourceTree = "<group>";
		};
		102026A62173623100E2CB17 /* Network */ = {
			isa = PBXGroup;
			children = (
			);
			path = Network;
			sourceTree = "<group>";
		};
		102026A72173626400E2CB17 /* Resources */ = {
			isa = PBXGroup;
			children = (
				1020268B2173619E00E2CB17 /* Assets.xcassets */,
				102026902173619E00E2CB17 /* Info.plist */,
			);
			path = Resources;
			sourceTree = "<group>";
		};
		102026A82173628500E2CB17 /* Storyboards */ = {
			isa = PBXGroup;
			children = (
				102026882173619D00E2CB17 /* Main.storyboard */,
				1020268D2173619E00E2CB17 /* LaunchScreen.storyboard */,
			);
			path = Storyboards;
			sourceTree = "<group>";
		};
/* End PBXGroup section */

/* Begin PBXNativeTarget section */
		102026802173619D00E2CB17 /* Product-Listing */ = {
			isa = PBXNativeTarget;
			buildConfigurationList = 1020269E2173619E00E2CB17 /* Build configuration list for PBXNativeTarget "Product-Listing" */;
			buildPhases = (
				1020267D2173619D00E2CB17 /* Sources */,
				1020267E2173619D00E2CB17 /* Frameworks */,
				1020267F2173619D00E2CB17 /* Resources */,
			);
			buildRules = (
			);
			dependencies = (
			);
			name = "Product-Listing";
			productName = "Product-Listing";
			productReference = 102026812173619D00E2CB17 /* Product-Listing.app */;
			productType = "com.apple.product-type.application";
		};
		102026942173619E00E2CB17 /* Product-ListingTests */ = {
			isa = PBXNativeTarget;
			buildConfigurationList = 102026A12173619E00E2CB17 /* Build configuration list for PBXNativeTarget "Product-ListingTests" */;
			buildPhases = (
				102026912173619E00E2CB17 /* Sources */,
				102026922173619E00E2CB17 /* Frameworks */,
				102026932173619E00E2CB17 /* Resources */,
			);
			buildRules = (
			);
			dependencies = (
				102026972173619E00E2CB17 /* PBXTargetDependency */,
			);
			name = "Product-ListingTests";
			productName = "Product-ListingTests";
			productReference = 102026952173619E00E2CB17 /* Product-ListingTests.xctest */;
			productType = "com.apple.product-type.bundle.unit-test";
		};
/* End PBXNativeTarget section */

/* Begin PBXProject section */
		102026792173619D00E2CB17 /* Project object */ = {
			isa = PBXProject;
			attributes = {
				LastSwiftUpdateCheck = 1000;
				LastUpgradeCheck = 1000;
				ORGANIZATIONNAME = "Onur Torna";
				TargetAttributes = {
					102026802173619D00E2CB17 = {
						CreatedOnToolsVersion = 10.0;
					};
					102026942173619E00E2CB17 = {
						CreatedOnToolsVersion = 10.0;
						TestTargetID = 102026802173619D00E2CB17;
					};
				};
			};
			buildConfigurationList = 1020267C2173619D00E2CB17 /* Build configuration list for PBXProject "Product-Listing" */;
			compatibilityVersion = "Xcode 9.3";
			developmentRegion = en;
			hasScannedForEncodings = 0;
			knownRegions = (
				en,
				Base,
			);
			mainGroup = 102026782173619D00E2CB17;
			productRefGroup = 102026822173619D00E2CB17 /* Products */;
			projectDirPath = "";
			projectRoot = "";
			targets = (
				102026802173619D00E2CB17 /* Product-Listing */,
				102026942173619E00E2CB17 /* Product-ListingTests */,
			);
		};
/* End PBXProject section */

/* Begin PBXResourcesBuildPhase section */
		1020267F2173619D00E2CB17 /* Resources */ = {
			isa = PBXResourcesBuildPhase;
			buildActionMask = 2147483647;
			files = (
				1020268F2173619E00E2CB17 /* LaunchScreen.storyboard in Resources */,
				1020268C2173619E00E2CB17 /* Assets.xcassets in Resources */,
				1020268A2173619D00E2CB17 /* Main.storyboard in Resources */,
			);
			runOnlyForDeploymentPostprocessing = 0;
		};
		102026932173619E00E2CB17 /* Resources */ = {
			isa = PBXResourcesBuildPhase;
			buildActionMask = 2147483647;
			files = (
			);
			runOnlyForDeploymentPostprocessing = 0;
		};
/* End PBXResourcesBuildPhase section */

/* Begin PBXSourcesBuildPhase section */
		1020267D2173619D00E2CB17 /* Sources */ = {
			isa = PBXSourcesBuildPhase;
			buildActionMask = 2147483647;
			files = (
				102026872173619D00E2CB17 /* ViewController.swift in Sources */,
				102026852173619D00E2CB17 /* AppDelegate.swift in Sources */,
			);
			runOnlyForDeploymentPostprocessing = 0;
		};
		102026912173619E00E2CB17 /* Sources */ = {
			isa = PBXSourcesBuildPhase;
			buildActionMask = 2147483647;
			files = (
				1020269A2173619E00E2CB17 /* Product_ListingTests.swift in Sources */,
			);
			runOnlyForDeploymentPostprocessing = 0;
		};
/* End PBXSourcesBuildPhase section */

/* Begin PBXTargetDependency section */
		102026972173619E00E2CB17 /* PBXTargetDependency */ = {
			isa = PBXTargetDependency;
			target = 102026802173619D00E2CB17 /* Product-Listing */;
			targetProxy = 102026962173619E00E2CB17 /* PBXContainerItemProxy */;
		};
/* End PBXTargetDependency section */

/* Begin PBXVariantGroup section */
		102026882173619D00E2CB17 /* Main.storyboard */ = {
			isa = PBXVariantGroup;
			children = (
				102026892173619D00E2CB17 /* Base */,
			);
			name = Main.storyboard;
			sourceTree = "<group>";
		};
		1020268D2173619E00E2CB17 /* LaunchScreen.storyboard */ = {
			isa = PBXVariantGroup;
			children = (
				1020268E2173619E00E2CB17 /* Base */,
			);
			name = LaunchScreen.storyboard;
			sourceTree = "<group>";
		};
/* End PBXVariantGroup section */

/* Begin XCBuildConfiguration section */
		1020269C2173619E00E2CB17 /* Debug */ = {
			isa = XCBuildConfiguration;
			buildSettings = {
				ALWAYS_SEARCH_USER_PATHS = NO;
				CLANG_ANALYZER_NONNULL = YES;
				CLANG_ANALYZER_NUMBER_OBJECT_CONVERSION = YES_AGGRESSIVE;
				CLANG_CXX_LANGUAGE_STANDARD = "gnu++14";
				CLANG_CXX_LIBRARY = "libc++";
				CLANG_ENABLE_MODULES = YES;
				CLANG_ENABLE_OBJC_ARC = YES;
				CLANG_ENABLE_OBJC_WEAK = YES;
				CLANG_WARN_BLOCK_CAPTURE_AUTORELEASING = YES;
				CLANG_WARN_BOOL_CONVERSION = YES;
				CLANG_WARN_COMMA = YES;
				CLANG_WARN_CONSTANT_CONVERSION = YES;
				CLANG_WARN_DEPRECATED_OBJC_IMPLEMENTATIONS = YES;
				CLANG_WARN_DIRECT_OBJC_ISA_USAGE = YES_ERROR;
				CLANG_WARN_DOCUMENTATION_COMMENTS = YES;
				CLANG_WARN_EMPTY_BODY = YES;
				CLANG_WARN_ENUM_CONVERSION = YES;
				CLANG_WARN_INFINITE_RECURSION = YES;
				CLANG_WARN_INT_CONVERSION = YES;
				CLANG_WARN_NON_LITERAL_NULL_CONVERSION = YES;
				CLANG_WARN_OBJC_IMPLICIT_RETAIN_SELF = YES;
				CLANG_WARN_OBJC_LITERAL_CONVERSION = YES;
				CLANG_WARN_OBJC_ROOT_CLASS = YES_ERROR;
				CLANG_WARN_RANGE_LOOP_ANALYSIS = YES;
				CLANG_WARN_STRICT_PROTOTYPES = YES;
				CLANG_WARN_SUSPICIOUS_MOVE = YES;
				CLANG_WARN_UNGUARDED_AVAILABILITY = YES_AGGRESSIVE;
				CLANG_WARN_UNREACHABLE_CODE = YES;
				CLANG_WARN__DUPLICATE_METHOD_MATCH = YES;
				CODE_SIGN_IDENTITY = "iPhone Developer";
				COPY_PHASE_STRIP = NO;
				DEBUG_INFORMATION_FORMAT = dwarf;
				ENABLE_STRICT_OBJC_MSGSEND = YES;
				ENABLE_TESTABILITY = YES;
				GCC_C_LANGUAGE_STANDARD = gnu11;
				GCC_DYNAMIC_NO_PIC = NO;
				GCC_NO_COMMON_BLOCKS = YES;
				GCC_OPTIMIZATION_LEVEL = 0;
				GCC_PREPROCESSOR_DEFINITIONS = (
					"DEBUG=1",
					"$(inherited)",
				);
				GCC_WARN_64_TO_32_BIT_CONVERSION = YES;
				GCC_WARN_ABOUT_RETURN_TYPE = YES_ERROR;
				GCC_WARN_UNDECLARED_SELECTOR = YES;
				GCC_WARN_UNINITIALIZED_AUTOS = YES_AGGRESSIVE;
				GCC_WARN_UNUSED_FUNCTION = YES;
				GCC_WARN_UNUSED_VARIABLE = YES;
				IPHONEOS_DEPLOYMENT_TARGET = 10.0;
				MTL_ENABLE_DEBUG_INFO = INCLUDE_SOURCE;
				MTL_FAST_MATH = YES;
				ONLY_ACTIVE_ARCH = YES;
				SDKROOT = iphoneos;
				SWIFT_ACTIVE_COMPILATION_CONDITIONS = DEBUG;
				SWIFT_OPTIMIZATION_LEVEL = "-Onone";
			};
			name = Debug;
		};
		1020269D2173619E00E2CB17 /* Release */ = {
			isa = XCBuildConfiguration;
			buildSettings = {
				ALWAYS_SEARCH_USER_PATHS = NO;
				CLANG_ANALYZER_NONNULL = YES;
				CLANG_ANALYZER_NUMBER_OBJECT_CONVERSION = YES_AGGRESSIVE;
				CLANG_CXX_LANGUAGE_STANDARD = "gnu++14";
				CLANG_CXX_LIBRARY = "libc++";
				CLANG_ENABLE_MODULES = YES;
				CLANG_ENABLE_OBJC_ARC = YES;
				CLANG_ENABLE_OBJC_WEAK = YES;
				CLANG_WARN_BLOCK_CAPTURE_AUTORELEASING = YES;
				CLANG_WARN_BOOL_CONVERSION = YES;
				CLANG_WARN_COMMA = YES;
				CLANG_WARN_CONSTANT_CONVERSION = YES;
				CLANG_WARN_DEPRECATED_OBJC_IMPLEMENTATIONS = YES;
				CLANG_WARN_DIRECT_OBJC_ISA_USAGE = YES_ERROR;
				CLANG_WARN_DOCUMENTATION_COMMENTS = YES;
				CLANG_WARN_EMPTY_BODY = YES;
				CLANG_WARN_ENUM_CONVERSION = YES;
				CLANG_WARN_INFINITE_RECURSION = YES;
				CLANG_WARN_INT_CONVERSION = YES;
				CLANG_WARN_NON_LITERAL_NULL_CONVERSION = YES;
				CLANG_WARN_OBJC_IMPLICIT_RETAIN_SELF = YES;
				CLANG_WARN_OBJC_LITERAL_CONVERSION = YES;
				CLANG_WARN_OBJC_ROOT_CLASS = YES_ERROR;
				CLANG_WARN_RANGE_LOOP_ANALYSIS = YES;
				CLANG_WARN_STRICT_PROTOTYPES = YES;
				CLANG_WARN_SUSPICIOUS_MOVE = YES;
				CLANG_WARN_UNGUARDED_AVAILABILITY = YES_AGGRESSIVE;
				CLANG_WARN_UNREACHABLE_CODE = YES;
				CLANG_WARN__DUPLICATE_METHOD_MATCH = YES;
				CODE_SIGN_IDENTITY = "iPhone Developer";
				COPY_PHASE_STRIP = NO;
				DEBUG_INFORMATION_FORMAT = "dwarf-with-dsym";
				ENABLE_NS_ASSERTIONS = NO;
				ENABLE_STRICT_OBJC_MSGSEND = YES;
				GCC_C_LANGUAGE_STANDARD = gnu11;
				GCC_NO_COMMON_BLOCKS = YES;
				GCC_WARN_64_TO_32_BIT_CONVERSION = YES;
				GCC_WARN_ABOUT_RETURN_TYPE = YES_ERROR;
				GCC_WARN_UNDECLARED_SELECTOR = YES;
				GCC_WARN_UNINITIALIZED_AUTOS = YES_AGGRESSIVE;
				GCC_WARN_UNUSED_FUNCTION = YES;
				GCC_WARN_UNUSED_VARIABLE = YES;
				IPHONEOS_DEPLOYMENT_TARGET = 10.0;
				MTL_ENABLE_DEBUG_INFO = NO;
				MTL_FAST_MATH = YES;
				SDKROOT = iphoneos;
				SWIFT_COMPILATION_MODE = wholemodule;
				SWIFT_OPTIMIZATION_LEVEL = "-O";
				VALIDATE_PRODUCT = YES;
			};
			name = Release;
		};
		1020269F2173619E00E2CB17 /* Debug */ = {
			isa = XCBuildConfiguration;
			buildSettings = {
				ASSETCATALOG_COMPILER_APPICON_NAME = AppIcon;
				CODE_SIGN_STYLE = Automatic;
				DEVELOPMENT_TEAM = P6VNA22F3R;
				INFOPLIST_FILE = "Product-Listing/Resources/Info.plist";
				IPHONEOS_DEPLOYMENT_TARGET = 10.0;
				LD_RUNPATH_SEARCH_PATHS = (
					"$(inherited)",
					"@executable_path/Frameworks",
				);
				PRODUCT_BUNDLE_IDENTIFIER = "com.personal.listing.Product-Listing";
				PRODUCT_NAME = "$(TARGET_NAME)";
				SWIFT_VERSION = 4.2;
				TARGETED_DEVICE_FAMILY = "1,2";
			};
			name = Debug;
		};
		102026A02173619E00E2CB17 /* Release */ = {
			isa = XCBuildConfiguration;
			buildSettings = {
				ASSETCATALOG_COMPILER_APPICON_NAME = AppIcon;
				CODE_SIGN_STYLE = Automatic;
				DEVELOPMENT_TEAM = P6VNA22F3R;
				INFOPLIST_FILE = "Product-Listing/Resources/Info.plist";
				IPHONEOS_DEPLOYMENT_TARGET = 10.0;
				LD_RUNPATH_SEARCH_PATHS = (
					"$(inherited)",
					"@executable_path/Frameworks",
				);
				PRODUCT_BUNDLE_IDENTIFIER = "com.personal.listing.Product-Listing";
				PRODUCT_NAME = "$(TARGET_NAME)";
				SWIFT_VERSION = 4.2;
				TARGETED_DEVICE_FAMILY = "1,2";
			};
			name = Release;
		};
		102026A22173619E00E2CB17 /* Debug */ = {
			isa = XCBuildConfiguration;
			buildSettings = {
				ALWAYS_EMBED_SWIFT_STANDARD_LIBRARIES = YES;
				BUNDLE_LOADER = "$(TEST_HOST)";
				CODE_SIGN_STYLE = Automatic;
				DEVELOPMENT_TEAM = P6VNA22F3R;
				INFOPLIST_FILE = "Product-ListingTests/Info.plist";
				LD_RUNPATH_SEARCH_PATHS = (
					"$(inherited)",
					"@executable_path/Frameworks",
					"@loader_path/Frameworks",
				);
				PRODUCT_BUNDLE_IDENTIFIER = "com.personal.listing.Product-ListingTests";
				PRODUCT_NAME = "$(TARGET_NAME)";
				SWIFT_VERSION = 4.2;
				TARGETED_DEVICE_FAMILY = "1,2";
				TEST_HOST = "$(BUILT_PRODUCTS_DIR)/Product-Listing.app/Product-Listing";
			};
			name = Debug;
		};
		102026A32173619E00E2CB17 /* Release */ = {
			isa = XCBuildConfiguration;
			buildSettings = {
				ALWAYS_EMBED_SWIFT_STANDARD_LIBRARIES = YES;
				BUNDLE_LOADER = "$(TEST_HOST)";
				CODE_SIGN_STYLE = Automatic;
				DEVELOPMENT_TEAM = P6VNA22F3R;
				INFOPLIST_FILE = "Product-ListingTests/Info.plist";
				LD_RUNPATH_SEARCH_PATHS = (
					"$(inherited)",
					"@executable_path/Frameworks",
					"@loader_path/Frameworks",
				);
				PRODUCT_BUNDLE_IDENTIFIER = "com.personal.listing.Product-ListingTests";
				PRODUCT_NAME = "$(TARGET_NAME)";
				SWIFT_VERSION = 4.2;
				TARGETED_DEVICE_FAMILY = "1,2";
				TEST_HOST = "$(BUILT_PRODUCTS_DIR)/Product-Listing.app/Product-Listing";
			};
			name = Release;
		};
/* End XCBuildConfiguration section */

/* Begin XCConfigurationList section */
		1020267C2173619D00E2CB17 /* Build configuration list for PBXProject "Product-Listing" */ = {
			isa = XCConfigurationList;
			buildConfigurations = (
				1020269C2173619E00E2CB17 /* Debug */,
				1020269D2173619E00E2CB17 /* Release */,
			);
			defaultConfigurationIsVisible = 0;
			defaultConfigurationName = Release;
		};
		1020269E2173619E00E2CB17 /* Build configuration list for PBXNativeTarget "Product-Listing" */ = {
			isa = XCConfigurationList;
			buildConfigurations = (
				1020269F2173619E00E2CB17 /* Debug */,
				102026A02173619E00E2CB17 /* Release */,
			);
			defaultConfigurationIsVisible = 0;
			defaultConfigurationName = Release;
		};
		102026A12173619E00E2CB17 /* Build configuration list for PBXNativeTarget "Product-ListingTests" */ = {
			isa = XCConfigurationList;
			buildConfigurations = (
				102026A22173619E00E2CB17 /* Debug */,
				102026A32173619E00E2CB17 /* Release */,
			);
			defaultConfigurationIsVisible = 0;
			defaultConfigurationName = Release;
		};
/* End XCConfigurationList section */
	};
	rootObject = 102026792173619D00E2CB17 /* Project object */;
}
